{
  "version": 4,
  "terraform_version": "1.13.4",
  "serial": 19,
  "lineage": "c58e2028-034f-57f5-05fd-e9f0ed99da60",
  "outputs": {},
  "resources": [
    {
      "mode": "managed",
      "type": "docker_image",
      "name": "nginx_image",
      "provider": "provider[\"registry.terraform.io/kreuzwerker/docker\"]",
      "instances": [
        {
          "schema_version": 0,
          "attributes": {
            "build": [],
            "force_remove": null,
            "id": "sha256:b619c34a163ac12f68c1982568a122c4953dbf3126b8dbf0cc2f6fdbfd85de27nginx:latest",
            "image_id": "sha256:b619c34a163ac12f68c1982568a122c4953dbf3126b8dbf0cc2f6fdbfd85de27",
            "keep_locally": null,
            "name": "nginx:latest",
            "platform": null,
            "pull_triggers": null,
            "repo_digest": "nginx@sha256:b619c34a163ac12f68c1982568a122c4953dbf3126b8dbf0cc2f6fdbfd85de27",
            "triggers": null
          },
          "sensitive_attributes": [],
          "identity_schema_version": 0,
          "private": "bnVsbA=="
        }
      ]
    }
  ],
  "check_results": null
}
